
Microsoft Visual Studio Solution File, Format Version 12.00
# Visual Studio Version 17
VisualStudioVersion = 17.3.32901.215
MinimumVisualStudioVersion = 10.0.40219.1
Project("{FAE04EC0-301F-11D3-BF4B-00C04F79EFBC}") = "for-örneği-826", "for-örneği-826\for-örneği-826.csproj", "{80395BFD-2FF1-484E-88C2-DAC4AA4FB398}"
EndProject
Global
	GlobalSection(SolutionConfigurationPlatforms) = preSolution
		Debug|Any CPU = Debug|Any CPU
		Release|Any CPU = Release|Any CPU
	EndGlobalSection
	GlobalSection(ProjectConfigurationPlatforms) = postSolution
		{80395BFD-2FF1-484E-88C2-DAC4AA4FB398}.Debug|Any CPU.ActiveCfg = Debug|Any CPU
		{80395BFD-2FF1-484E-88C2-DAC4AA4FB398}.Debug|Any CPU.Build.0 = Debug|Any CPU
		{80395BFD-2FF1-484E-88C2-DAC4AA4FB398}.Release|Any CPU.ActiveCfg = Release|Any CPU
		{80395BFD-2FF1-484E-88C2-DAC4AA4FB398}.Release|Any CPU.Build.0 = Release|Any CPU
	EndGlobalSection
	GlobalSection(SolutionProperties) = preSolution
		HideSolutionNode = FALSE
	EndGlobalSection
	GlobalSection(ExtensibilityGlobals) = postSolution
		SolutionGuid = {6567AF67-C9F1-41FD-B9CE-1333B8CC9030}
	EndGlobalSection
EndGlobal
